{
  "name": "notes",
  "version": "1.0.0",
  "lockfileVersion": 1,
  "requires": true,
  "dependencies": {
    "minimist": {
      "version": "1.2.5",
      "resolved": "https://registry.npmjs.org/minimist/-/minimist-1.2.5.tgz",
      "integrity": "sha512-FM9nNUYrRBAELZQT3xeZQ7fmMOBg6nWNmJKTcgsJeaLstP/UODVpGsr5OhXhhXg6f+qtJ8uiZ+PUxkDWcgIXLw=="
    },
    "random-id": {
      "version": "1.0.4",
      "resolved": "https://registry.npmjs.org/random-id/-/random-id-1.0.4.tgz",
      "integrity": "sha512-78QU7sgk2uUsXDu5B/CV8R2ee6yAWDhJxvYPCLNXDD2EIdjb7vOLNXEm4S6//s++u4hAkH7umdq+usngpcTSeA=="
    }
  }
}
